// !$*UTF8*$!
{
	archiveVersion = 1;
	classes = {
	};
	objectVersion = 55;
	objects = {

/* Begin PBXBuildFile section */
		4B1E845F274011FD00809CC5 /* TimeConverterView.swift in Sources */ = {isa = PBXBuildFile; fileRef = 4B1E845E274011FD00809CC5 /* TimeConverterView.swift */; };
		4B1E84622740136300809CC5 /* TimeConverterTests.swift in Sources */ = {isa = PBXBuildFile; fileRef = 4B1E84612740136300809CC5 /* TimeConverterTests.swift */; };
		4B1E84642740138800809CC5 /* TimeConverter.swift in Sources */ = {isa = PBXBuildFile; fileRef = 4B1E84632740138800809CC5 /* TimeConverter.swift */; };
		4B1E8466274017AC00809CC5 /* TimeConverterViewModel.swift in Sources */ = {isa = PBXBuildFile; fileRef = 4B1E8465274017AC00809CC5 /* TimeConverterViewModel.swift */; };
		4B1E846827403B1A00809CC5 /* TimeConverterError.swift in Sources */ = {isa = PBXBuildFile; fileRef = 4B1E846727403B1A00809CC5 /* TimeConverterError.swift */; };
		4B625CF3273C59E200C3F2A1 /* UsersList+ViewModel.swift in Sources */ = {isa = PBXBuildFile; fileRef = 4B625CF2273C59E200C3F2A1 /* UsersList+ViewModel.swift */; };
		4B625CF6273C5B0000C3F2A1 /* User.swift in Sources */ = {isa = PBXBuildFile; fileRef = 4B625CF5273C5B0000C3F2A1 /* User.swift */; };
		4B625CF8273C5C3B00C3F2A1 /* Endpoint.swift in Sources */ = {isa = PBXBuildFile; fileRef = 4B625CF7273C5C3B00C3F2A1 /* Endpoint.swift */; };
		4B625CFA273C5F1500C3F2A1 /* Posts.swift in Sources */ = {isa = PBXBuildFile; fileRef = 4B625CF9273C5F1500C3F2A1 /* Posts.swift */; };
		4B625CFC273C60FE00C3F2A1 /* ProfileImage.swift in Sources */ = {isa = PBXBuildFile; fileRef = 4B625CFB273C60FE00C3F2A1 /* ProfileImage.swift */; };
		4B625D03273EDBFE00C3F2A1 /* UsersService.swift in Sources */ = {isa = PBXBuildFile; fileRef = 4B625D02273EDBFE00C3F2A1 /* UsersService.swift */; };
		4B625D06273EE36B00C3F2A1 /* Algorithms in Frameworks */ = {isa = PBXBuildFile; productRef = 4B625D05273EE36B00C3F2A1 /* Algorithms */; };
		4B625D08273EEA3000C3F2A1 /* UserListRow.swift in Sources */ = {isa = PBXBuildFile; fileRef = 4B625D07273EEA3000C3F2A1 /* UserListRow.swift */; };
		4B625D0A273EF6CF00C3F2A1 /* UsersListViewModelTests.swift in Sources */ = {isa = PBXBuildFile; fileRef = 4B625D09273EF6CF00C3F2A1 /* UsersListViewModelTests.swift */; };
		4B625D0C273FE91000C3F2A1 /* UserFixture.swift in Sources */ = {isa = PBXBuildFile; fileRef = 4B625D0B273FE91000C3F2A1 /* UserFixture.swift */; };
		4B625D0E273FEB3B00C3F2A1 /* UsersServiceStub.swift in Sources */ = {isa = PBXBuildFile; fileRef = 4B625D0D273FEB3B00C3F2A1 /* UsersServiceStub.swift */; };
		4B625D10273FFC3F00C3F2A1 /* TestError.swift in Sources */ = {isa = PBXBuildFile; fileRef = 4B625D0F273FFC3F00C3F2A1 /* TestError.swift */; };
		4B6E6D5A273C4E9900629AB8 /* UsersListerAndTimeConverterApp.swift in Sources */ = {isa = PBXBuildFile; fileRef = 4B6E6D59273C4E9900629AB8 /* UsersListerAndTimeConverterApp.swift */; };
		4B6E6D5C273C4E9900629AB8 /* UsersList.swift in Sources */ = {isa = PBXBuildFile; fileRef = 4B6E6D5B273C4E9900629AB8 /* UsersList.swift */; };
		4B6E6D5E273C4E9F00629AB8 /* Assets.xcassets in Resources */ = {isa = PBXBuildFile; fileRef = 4B6E6D5D273C4E9F00629AB8 /* Assets.xcassets */; };
		4B6E6D61273C4E9F00629AB8 /* Preview Assets.xcassets in Resources */ = {isa = PBXBuildFile; fileRef = 4B6E6D60273C4E9F00629AB8 /* Preview Assets.xcassets */; };
		4B6E6D85273C544100629AB8 /* NetworkManager in Frameworks */ = {isa = PBXBuildFile; productRef = 4B6E6D84273C544100629AB8 /* NetworkManager */; };
/* End PBXBuildFile section */

/* Begin PBXContainerItemProxy section */
		4B6E6D67273C4E9F00629AB8 /* PBXContainerItemProxy */ = {
			isa = PBXContainerItemProxy;
			containerPortal = 4B6E6D4E273C4E9900629AB8 /* Project object */;
			proxyType = 1;
			remoteGlobalIDString = 4B6E6D55273C4E9900629AB8;
			remoteInfo = UsersListerAndTimeConverter;
		};
/* End PBXContainerItemProxy section */

/* Begin PBXFileReference section */
		4B1E845E274011FD00809CC5 /* TimeConverterView.swift */ = {isa = PBXFileReference; lastKnownFileType = sourcecode.swift; path = TimeConverterView.swift; sourceTree = "<group>"; };
		4B1E84612740136300809CC5 /* TimeConverterTests.swift */ = {isa = PBXFileReference; lastKnownFileType = sourcecode.swift; path = TimeConverterTests.swift; sourceTree = "<group>"; };
		4B1E84632740138800809CC5 /* TimeConverter.swift */ = {isa = PBXFileReference; lastKnownFileType = sourcecode.swift; path = TimeConverter.swift; sourceTree = "<group>"; };
		4B1E8465274017AC00809CC5 /* TimeConverterViewModel.swift */ = {isa = PBXFileReference; lastKnownFileType = sourcecode.swift; path = TimeConverterViewModel.swift; sourceTree = "<group>"; };
		4B1E846727403B1A00809CC5 /* TimeConverterError.swift */ = {isa = PBXFileReference; lastKnownFileType = sourcecode.swift; path = TimeConverterError.swift; sourceTree = "<group>"; };
		4B625CF2273C59E200C3F2A1 /* UsersList+ViewModel.swift */ = {isa = PBXFileReference; lastKnownFileType = sourcecode.swift; path = "UsersList+ViewModel.swift"; sourceTree = "<group>"; };
		4B625CF5273C5B0000C3F2A1 /* User.swift */ = {isa = PBXFileReference; lastKnownFileType = sourcecode.swift; path = User.swift; sourceTree = "<group>"; };
		4B625CF7273C5C3B00C3F2A1 /* Endpoint.swift */ = {isa = PBXFileReference; lastKnownFileType = sourcecode.swift; path = Endpoint.swift; sourceTree = "<group>"; };
		4B625CF9273C5F1500C3F2A1 /* Posts.swift */ = {isa = PBXFileReference; lastKnownFileType = sourcecode.swift; path = Posts.swift; sourceTree = "<group>"; };
		4B625CFB273C60FE00C3F2A1 /* ProfileImage.swift */ = {isa = PBXFileReference; lastKnownFileType = sourcecode.swift; path = ProfileImage.swift; sourceTree = "<group>"; };
		4B625D02273EDBFE00C3F2A1 /* UsersService.swift */ = {isa = PBXFileReference; lastKnownFileType = sourcecode.swift; path = UsersService.swift; sourceTree = "<group>"; };
		4B625D07273EEA3000C3F2A1 /* UserListRow.swift */ = {isa = PBXFileReference; lastKnownFileType = sourcecode.swift; path = UserListRow.swift; sourceTree = "<group>"; };
		4B625D09273EF6CF00C3F2A1 /* UsersListViewModelTests.swift */ = {isa = PBXFileReference; lastKnownFileType = sourcecode.swift; path = UsersListViewModelTests.swift; sourceTree = "<group>"; };
		4B625D0B273FE91000C3F2A1 /* UserFixture.swift */ = {isa = PBXFileReference; lastKnownFileType = sourcecode.swift; path = UserFixture.swift; sourceTree = "<group>"; };
		4B625D0D273FEB3B00C3F2A1 /* UsersServiceStub.swift */ = {isa = PBXFileReference; lastKnownFileType = sourcecode.swift; path = UsersServiceStub.swift; sourceTree = "<group>"; };
		4B625D0F273FFC3F00C3F2A1 /* TestError.swift */ = {isa = PBXFileReference; lastKnownFileType = sourcecode.swift; path = TestError.swift; sourceTree = "<group>"; };
		4B6E6D56273C4E9900629AB8 /* UsersListerAndTimeConverter.app */ = {isa = PBXFileReference; explicitFileType = wrapper.application; includeInIndex = 0; path = UsersListerAndTimeConverter.app; sourceTree = BUILT_PRODUCTS_DIR; };
		4B6E6D59273C4E9900629AB8 /* UsersListerAndTimeConverterApp.swift */ = {isa = PBXFileReference; lastKnownFileType = sourcecode.swift; path = UsersListerAndTimeConverterApp.swift; sourceTree = "<group>"; };
		4B6E6D5B273C4E9900629AB8 /* UsersList.swift */ = {isa = PBXFileReference; lastKnownFileType = sourcecode.swift; path = UsersList.swift; sourceTree = "<group>"; };
		4B6E6D5D273C4E9F00629AB8 /* Assets.xcassets */ = {isa = PBXFileReference; lastKnownFileType = folder.assetcatalog; path = Assets.xcassets; sourceTree = "<group>"; };
		4B6E6D60273C4E9F00629AB8 /* Preview Assets.xcassets */ = {isa = PBXFileReference; lastKnownFileType = folder.assetcatalog; path = "Preview Assets.xcassets"; sourceTree = "<group>"; };
		4B6E6D66273C4E9F00629AB8 /* UsersListerAndTimeConverterTests.xctest */ = {isa = PBXFileReference; explicitFileType = wrapper.cfbundle; includeInIndex = 0; path = UsersListerAndTimeConverterTests.xctest; sourceTree = BUILT_PRODUCTS_DIR; };
/* End PBXFileReference section */

/* Begin PBXFrameworksBuildPhase section */
		4B6E6D53273C4E9900629AB8 /* Frameworks */ = {
			isa = PBXFrameworksBuildPhase;
			buildActionMask = 2147483647;
			files = (
				4B625D06273EE36B00C3F2A1 /* Algorithms in Frameworks */,
				4B6E6D85273C544100629AB8 /* NetworkManager in Frameworks */,
			);
			runOnlyForDeploymentPostprocessing = 0;
		};
		4B6E6D63273C4E9F00629AB8 /* Frameworks */ = {
			isa = PBXFrameworksBuildPhase;
			buildActionMask = 2147483647;
			files = (
			);
			runOnlyForDeploymentPostprocessing = 0;
		};
/* End PBXFrameworksBuildPhase section */

/* Begin PBXGroup section */
		4B1E845D2740113800809CC5 /* TimeConverterTab */ = {
			isa = PBXGroup;
			children = (
				4B1E845E274011FD00809CC5 /* TimeConverterView.swift */,
				4B1E8465274017AC00809CC5 /* TimeConverterViewModel.swift */,
				4B1E84632740138800809CC5 /* TimeConverter.swift */,
				4B1E846727403B1A00809CC5 /* TimeConverterError.swift */,
			);
			path = TimeConverterTab;
			sourceTree = "<group>";
		};
		4B1E84602740132A00809CC5 /* TimeConverter */ = {
			isa = PBXGroup;
			children = (
				4B1E84612740136300809CC5 /* TimeConverterTests.swift */,
			);
			path = TimeConverter;
			sourceTree = "<group>";
		};
		4B625CF4273C5AEB00C3F2A1 /* Model */ = {
			isa = PBXGroup;
			children = (
				4B625CF5273C5B0000C3F2A1 /* User.swift */,
				4B625CFB273C60FE00C3F2A1 /* ProfileImage.swift */,
				4B625CF9273C5F1500C3F2A1 /* Posts.swift */,
			);
			path = Model;
			sourceTree = "<group>";
		};
		4B625D01273EDBE400C3F2A1 /* Services */ = {
			isa = PBXGroup;
			children = (
				4B625D02273EDBFE00C3F2A1 /* UsersService.swift */,
				4B625CF7273C5C3B00C3F2A1 /* Endpoint.swift */,
			);
			path = Services;
			sourceTree = "<group>";
		};
		4B625D1127400F4900C3F2A1 /* UsersList */ = {
			isa = PBXGroup;
			children = (
				4B625D09273EF6CF00C3F2A1 /* UsersListViewModelTests.swift */,
				4B625D0D273FEB3B00C3F2A1 /* UsersServiceStub.swift */,
				4B625D0B273FE91000C3F2A1 /* UserFixture.swift */,
				4B625D0F273FFC3F00C3F2A1 /* TestError.swift */,
			);
			path = UsersList;
			sourceTree = "<group>";
		};
		4B625D1227400F6D00C3F2A1 /* Views */ = {
			isa = PBXGroup;
			children = (
				4B625CF2273C59E200C3F2A1 /* UsersList+ViewModel.swift */,
				4B6E6D5B273C4E9900629AB8 /* UsersList.swift */,
				4B625D07273EEA3000C3F2A1 /* UserListRow.swift */,
			);
			path = Views;
			sourceTree = "<group>";
		};
		4B625D132740100B00C3F2A1 /* UsersTab */ = {
			isa = PBXGroup;
			children = (
				4B625CF4273C5AEB00C3F2A1 /* Model */,
				4B625D01273EDBE400C3F2A1 /* Services */,
				4B625D1227400F6D00C3F2A1 /* Views */,
			);
			path = UsersTab;
			sourceTree = "<group>";
		};
		4B6E6D4D273C4E9900629AB8 = {
			isa = PBXGroup;
			children = (
				4B6E6D58273C4E9900629AB8 /* UsersListerAndTimeConverter */,
				4B6E6D69273C4E9F00629AB8 /* UsersListerAndTimeConverterTests */,
				4B6E6D57273C4E9900629AB8 /* Products */,
			);
			sourceTree = "<group>";
		};
		4B6E6D57273C4E9900629AB8 /* Products */ = {
			isa = PBXGroup;
			children = (
				4B6E6D56273C4E9900629AB8 /* UsersListerAndTimeConverter.app */,
				4B6E6D66273C4E9F00629AB8 /* UsersListerAndTimeConverterTests.xctest */,
			);
			name = Products;
			sourceTree = "<group>";
		};
		4B6E6D58273C4E9900629AB8 /* UsersListerAndTimeConverter */ = {
			isa = PBXGroup;
			children = (
				4B6E6D59273C4E9900629AB8 /* UsersListerAndTimeConverterApp.swift */,
				4B1E845D2740113800809CC5 /* TimeConverterTab */,
				4B625D132740100B00C3F2A1 /* UsersTab */,
				4B6E6D5F273C4E9F00629AB8 /* Preview Content */,
				4B6E6D5D273C4E9F00629AB8 /* Assets.xcassets */,
			);
			path = UsersListerAndTimeConverter;
			sourceTree = "<group>";
		};
		4B6E6D5F273C4E9F00629AB8 /* Preview Content */ = {
			isa = PBXGroup;
			children = (
				4B6E6D60273C4E9F00629AB8 /* Preview Assets.xcassets */,
			);
			path = "Preview Content";
			sourceTree = "<group>";
		};
		4B6E6D69273C4E9F00629AB8 /* UsersListerAndTimeConverterTests */ = {
			isa = PBXGroup;
			children = (
				4B1E84602740132A00809CC5 /* TimeConverter */,
				4B625D1127400F4900C3F2A1 /* UsersList */,
			);
			path = UsersListerAndTimeConverterTests;
			sourceTree = "<group>";
		};
/* End PBXGroup section */

/* Begin PBXNativeTarget section */
		4B6E6D55273C4E9900629AB8 /* UsersListerAndTimeConverter */ = {
			isa = PBXNativeTarget;
			buildConfigurationList = 4B6E6D7A273C4E9F00629AB8 /* Build configuration list for PBXNativeTarget "UsersListerAndTimeConverter" */;
			buildPhases = (
				4B6E6D52273C4E9900629AB8 /* Sources */,
				4B6E6D53273C4E9900629AB8 /* Frameworks */,
				4B6E6D54273C4E9900629AB8 /* Resources */,
			);
			buildRules = (
			);
			dependencies = (
			);
			name = UsersListerAndTimeConverter;
			packageProductDependencies = (
				4B6E6D84273C544100629AB8 /* NetworkManager */,
				4B625D05273EE36B00C3F2A1 /* Algorithms */,
			);
			productName = UsersListerAndTimeConverter;
			productReference = 4B6E6D56273C4E9900629AB8 /* UsersListerAndTimeConverter.app */;
			productType = "com.apple.product-type.application";
		};
		4B6E6D65273C4E9F00629AB8 /* UsersListerAndTimeConverterTests */ = {
			isa = PBXNativeTarget;
			buildConfigurationList = 4B6E6D7D273C4E9F00629AB8 /* Build configuration list for PBXNativeTarget "UsersListerAndTimeConverterTests" */;
			buildPhases = (
				4B6E6D62273C4E9F00629AB8 /* Sources */,
				4B6E6D63273C4E9F00629AB8 /* Frameworks */,
				4B6E6D64273C4E9F00629AB8 /* Resources */,
			);
			buildRules = (
			);
			dependencies = (
				4B6E6D68273C4E9F00629AB8 /* PBXTargetDependency */,
			);
			name = UsersListerAndTimeConverterTests;
			productName = UsersListerAndTimeConverterTests;
			productReference = 4B6E6D66273C4E9F00629AB8 /* UsersListerAndTimeConverterTests.xctest */;
			productType = "com.apple.product-type.bundle.unit-test";
		};
/* End PBXNativeTarget section */

/* Begin PBXProject section */
		4B6E6D4E273C4E9900629AB8 /* Project object */ = {
			isa = PBXProject;
			attributes = {
				BuildIndependentTargetsInParallel = 1;
				LastSwiftUpdateCheck = 1310;
				LastUpgradeCheck = 1310;
				TargetAttributes = {
					4B6E6D55273C4E9900629AB8 = {
						CreatedOnToolsVersion = 13.1;
					};
					4B6E6D65273C4E9F00629AB8 = {
						CreatedOnToolsVersion = 13.1;
						TestTargetID = 4B6E6D55273C4E9900629AB8;
					};
				};
			};
			buildConfigurationList = 4B6E6D51273C4E9900629AB8 /* Build configuration list for PBXProject "UsersListerAndTimeConverter" */;
			compatibilityVersion = "Xcode 13.0";
			developmentRegion = en;
			hasScannedForEncodings = 0;
			knownRegions = (
				en,
				Base,
			);
			mainGroup = 4B6E6D4D273C4E9900629AB8;
			packageReferences = (
				4B6E6D83273C544100629AB8 /* XCRemoteSwiftPackageReference "NetworkManager" */,
				4B625D04273EE36B00C3F2A1 /* XCRemoteSwiftPackageReference "swift-algorithms" */,
			);
			productRefGroup = 4B6E6D57273C4E9900629AB8 /* Products */;
			projectDirPath = "";
			projectRoot = "";
			targets = (
				4B6E6D55273C4E9900629AB8 /* UsersListerAndTimeConverter */,
				4B6E6D65273C4E9F00629AB8 /* UsersListerAndTimeConverterTests */,
			);
		};
/* End PBXProject section */

/* Begin PBXResourcesBuildPhase section */
		4B6E6D54273C4E9900629AB8 /* Resources */ = {
			isa = PBXResourcesBuildPhase;
			buildActionMask = 2147483647;
			files = (
				4B6E6D61273C4E9F00629AB8 /* Preview Assets.xcassets in Resources */,
				4B6E6D5E273C4E9F00629AB8 /* Assets.xcassets in Resources */,
			);
			runOnlyForDeploymentPostprocessing = 0;
		};
		4B6E6D64273C4E9F00629AB8 /* Resources */ = {
			isa = PBXResourcesBuildPhase;
			buildActionMask = 2147483647;
			files = (
			);
			runOnlyForDeploymentPostprocessing = 0;
		};
/* End PBXResourcesBuildPhase section */

/* Begin PBXSourcesBuildPhase section */
		4B6E6D52273C4E9900629AB8 /* Sources */ = {
			isa = PBXSourcesBuildPhase;
			buildActionMask = 2147483647;
			files = (
				4B625D03273EDBFE00C3F2A1 /* UsersService.swift in Sources */,
				4B625CF6273C5B0000C3F2A1 /* User.swift in Sources */,
				4B625CFA273C5F1500C3F2A1 /* Posts.swift in Sources */,
				4B625CFC273C60FE00C3F2A1 /* ProfileImage.swift in Sources */,
				4B6E6D5C273C4E9900629AB8 /* UsersList.swift in Sources */,
				4B1E846827403B1A00809CC5 /* TimeConverterError.swift in Sources */,
				4B1E84642740138800809CC5 /* TimeConverter.swift in Sources */,
				4B6E6D5A273C4E9900629AB8 /* UsersListerAndTimeConverterApp.swift in Sources */,
				4B625D08273EEA3000C3F2A1 /* UserListRow.swift in Sources */,
				4B625CF3273C59E200C3F2A1 /* UsersList+ViewModel.swift in Sources */,
				4B1E845F274011FD00809CC5 /* TimeConverterView.swift in Sources */,
				4B1E8466274017AC00809CC5 /* TimeConverterViewModel.swift in Sources */,
				4B625CF8273C5C3B00C3F2A1 /* Endpoint.swift in Sources */,
			);
			runOnlyForDeploymentPostprocessing = 0;
		};
		4B6E6D62273C4E9F00629AB8 /* Sources */ = {
			isa = PBXSourcesBuildPhase;
			buildActionMask = 2147483647;
			files = (
				4B1E84622740136300809CC5 /* TimeConverterTests.swift in Sources */,
				4B625D10273FFC3F00C3F2A1 /* TestError.swift in Sources */,
				4B625D0A273EF6CF00C3F2A1 /* UsersListViewModelTests.swift in Sources */,
				4B625D0E273FEB3B00C3F2A1 /* UsersServiceStub.swift in Sources */,
				4B625D0C273FE91000C3F2A1 /* UserFixture.swift in Sources */,
			);
			runOnlyForDeploymentPostprocessing = 0;
		};
/* End PBXSourcesBuildPhase section */

/* Begin PBXTargetDependency section */
		4B6E6D68273C4E9F00629AB8 /* PBXTargetDependency */ = {
			isa = PBXTargetDependency;
			target = 4B6E6D55273C4E9900629AB8 /* UsersListerAndTimeConverter */;
			targetProxy = 4B6E6D67273C4E9F00629AB8 /* PBXContainerItemProxy */;
		};
/* End PBXTargetDependency section */

/* Begin XCBuildConfiguration section */
		4B6E6D78273C4E9F00629AB8 /* Debug */ = {
			isa = XCBuildConfiguration;
			buildSettings = {
				ALWAYS_SEARCH_USER_PATHS = NO;
				CLANG_ANALYZER_NONNULL = YES;
				CLANG_ANALYZER_NUMBER_OBJECT_CONVERSION = YES_AGGRESSIVE;
				CLANG_CXX_LANGUAGE_STANDARD = "gnu++17";
				CLANG_CXX_LIBRARY = "libc++";
				CLANG_ENABLE_MODULES = YES;
				CLANG_ENABLE_OBJC_ARC = YES;
				CLANG_ENABLE_OBJC_WEAK = YES;
				CLANG_WARN_BLOCK_CAPTURE_AUTORELEASING = YES;
				CLANG_WARN_BOOL_CONVERSION = YES;
				CLANG_WARN_COMMA = YES;
				CLANG_WARN_CONSTANT_CONVERSION = YES;
				CLANG_WARN_DEPRECATED_OBJC_IMPLEMENTATIONS = YES;
				CLANG_WARN_DIRECT_OBJC_ISA_USAGE = YES_ERROR;
				CLANG_WARN_DOCUMENTATION_COMMENTS = YES;
				CLANG_WARN_EMPTY_BODY = YES;
				CLANG_WARN_ENUM_CONVERSION = YES;
				CLANG_WARN_INFINITE_RECURSION = YES;
				CLANG_WARN_INT_CONVERSION = YES;
				CLANG_WARN_NON_LITERAL_NULL_CONVERSION = YES;
				CLANG_WARN_OBJC_IMPLICIT_RETAIN_SELF = YES;
				CLANG_WARN_OBJC_LITERAL_CONVERSION = YES;
				CLANG_WARN_OBJC_ROOT_CLASS = YES_ERROR;
				CLANG_WARN_QUOTED_INCLUDE_IN_FRAMEWORK_HEADER = YES;
				CLANG_WARN_RANGE_LOOP_ANALYSIS = YES;
				CLANG_WARN_STRICT_PROTOTYPES = YES;
				CLANG_WARN_SUSPICIOUS_MOVE = YES;
				CLANG_WARN_UNGUARDED_AVAILABILITY = YES_AGGRESSIVE;
				CLANG_WARN_UNREACHABLE_CODE = YES;
				CLANG_WARN__DUPLICATE_METHOD_MATCH = YES;
				COPY_PHASE_STRIP = NO;
				DEBUG_INFORMATION_FORMAT = dwarf;
				ENABLE_STRICT_OBJC_MSGSEND = YES;
				ENABLE_TESTABILITY = YES;
				GCC_C_LANGUAGE_STANDARD = gnu11;
				GCC_DYNAMIC_NO_PIC = NO;
				GCC_NO_COMMON_BLOCKS = YES;
				GCC_OPTIMIZATION_LEVEL = 0;
				GCC_PREPROCESSOR_DEFINITIONS = (
					"DEBUG=1",
					"$(inherited)",
				);
				GCC_WARN_64_TO_32_BIT_CONVERSION = YES;
				GCC_WARN_ABOUT_RETURN_TYPE = YES_ERROR;
				GCC_WARN_UNDECLARED_SELECTOR = YES;
				GCC_WARN_UNINITIALIZED_AUTOS = YES_AGGRESSIVE;
				GCC_WARN_UNUSED_FUNCTION = YES;
				GCC_WARN_UNUSED_VARIABLE = YES;
				IPHONEOS_DEPLOYMENT_TARGET = 15.0;
				MTL_ENABLE_DEBUG_INFO = INCLUDE_SOURCE;
				MTL_FAST_MATH = YES;
				ONLY_ACTIVE_ARCH = YES;
				SDKROOT = iphoneos;
				SWIFT_ACTIVE_COMPILATION_CONDITIONS = DEBUG;
				SWIFT_OPTIMIZATION_LEVEL = "-Onone";
			};
			name = Debug;
		};
		4B6E6D79273C4E9F00629AB8 /* Release */ = {
			isa = XCBuildConfiguration;
			buildSettings = {
				ALWAYS_SEARCH_USER_PATHS = NO;
				CLANG_ANALYZER_NONNULL = YES;
				CLANG_ANALYZER_NUMBER_OBJECT_CONVERSION = YES_AGGRESSIVE;
				CLANG_CXX_LANGUAGE_STANDARD = "gnu++17";
				CLANG_CXX_LIBRARY = "libc++";
				CLANG_ENABLE_MODULES = YES;
				CLANG_ENABLE_OBJC_ARC = YES;
				CLANG_ENABLE_OBJC_WEAK = YES;
				CLANG_WARN_BLOCK_CAPTURE_AUTORELEASING = YES;
				CLANG_WARN_BOOL_CONVERSION = YES;
				CLANG_WARN_COMMA = YES;
				CLANG_WARN_CONSTANT_CONVERSION = YES;
				CLANG_WARN_DEPRECATED_OBJC_IMPLEMENTATIONS = YES;
				CLANG_WARN_DIRECT_OBJC_ISA_USAGE = YES_ERROR;
				CLANG_WARN_DOCUMENTATION_COMMENTS = YES;
				CLANG_WARN_EMPTY_BODY = YES;
				CLANG_WARN_ENUM_CONVERSION = YES;
				CLANG_WARN_INFINITE_RECURSION = YES;
				CLANG_WARN_INT_CONVERSION = YES;
				CLANG_WARN_NON_LITERAL_NULL_CONVERSION = YES;
				CLANG_WARN_OBJC_IMPLICIT_RETAIN_SELF = YES;
				CLANG_WARN_OBJC_LITERAL_CONVERSION = YES;
				CLANG_WARN_OBJC_ROOT_CLASS = YES_ERROR;
				CLANG_WARN_QUOTED_INCLUDE_IN_FRAMEWORK_HEADER = YES;
				CLANG_WARN_RANGE_LOOP_ANALYSIS = YES;
				CLANG_WARN_STRICT_PROTOTYPES = YES;
				CLANG_WARN_SUSPICIOUS_MOVE = YES;
				CLANG_WARN_UNGUARDED_AVAILABILITY = YES_AGGRESSIVE;
				CLANG_WARN_UNREACHABLE_CODE = YES;
				CLANG_WARN__DUPLICATE_METHOD_MATCH = YES;
				COPY_PHASE_STRIP = NO;
				DEBUG_INFORMATION_FORMAT = "dwarf-with-dsym";
				ENABLE_NS_ASSERTIONS = NO;
				ENABLE_STRICT_OBJC_MSGSEND = YES;
				GCC_C_LANGUAGE_STANDARD = gnu11;
				GCC_NO_COMMON_BLOCKS = YES;
				GCC_WARN_64_TO_32_BIT_CONVERSION = YES;
				GCC_WARN_ABOUT_RETURN_TYPE = YES_ERROR;
				GCC_WARN_UNDECLARED_SELECTOR = YES;
				GCC_WARN_UNINITIALIZED_AUTOS = YES_AGGRESSIVE;
				GCC_WARN_UNUSED_FUNCTION = YES;
				GCC_WARN_UNUSED_VARIABLE = YES;
				IPHONEOS_DEPLOYMENT_TARGET = 15.0;
				MTL_ENABLE_DEBUG_INFO = NO;
				MTL_FAST_MATH = YES;
				SDKROOT = iphoneos;
				SWIFT_COMPILATION_MODE = wholemodule;
				SWIFT_OPTIMIZATION_LEVEL = "-O";
				VALIDATE_PRODUCT = YES;
			};
			name = Release;
		};
		4B6E6D7B273C4E9F00629AB8 /* Debug */ = {
			isa = XCBuildConfiguration;
			buildSettings = {
				ASSETCATALOG_COMPILER_APPICON_NAME = AppIcon;
				ASSETCATALOG_COMPILER_GLOBAL_ACCENT_COLOR_NAME = AccentColor;
				CODE_SIGN_STYLE = Automatic;
				CURRENT_PROJECT_VERSION = 1;
				DEVELOPMENT_ASSET_PATHS = "\"UsersListerAndTimeConverter/Preview Content\"";
				DEVELOPMENT_TEAM = NCT5DLQUJC;
				ENABLE_PREVIEWS = YES;
				GENERATE_INFOPLIST_FILE = YES;
				INFOPLIST_KEY_UIApplicationSceneManifest_Generation = YES;
				INFOPLIST_KEY_UIApplicationSupportsIndirectInputEvents = YES;
				INFOPLIST_KEY_UILaunchScreen_Generation = YES;
				INFOPLIST_KEY_UISupportedInterfaceOrientations_iPad = "UIInterfaceOrientationPortrait UIInterfaceOrientationPortraitUpsideDown UIInterfaceOrientationLandscapeLeft UIInterfaceOrientationLandscapeRight";
				INFOPLIST_KEY_UISupportedInterfaceOrientations_iPhone = "UIInterfaceOrientationPortrait UIInterfaceOrientationLandscapeLeft UIInterfaceOrientationLandscapeRight";
				LD_RUNPATH_SEARCH_PATHS = (
					"$(inherited)",
					"@executable_path/Frameworks",
				);
				MARKETING_VERSION = 1.0;
				PRODUCT_BUNDLE_IDENTIFIER = me.alobaili.UsersListerAndTimeConverter;
				PRODUCT_NAME = "$(TARGET_NAME)";
				SWIFT_EMIT_LOC_STRINGS = YES;
				SWIFT_VERSION = 5.0;
				TARGETED_DEVICE_FAMILY = "1,2";
			};
			name = Debug;
		};
		4B6E6D7C273C4E9F00629AB8 /* Release */ = {
			isa = XCBuildConfiguration;
			buildSettings = {
				ASSETCATALOG_COMPILER_APPICON_NAME = AppIcon;
				ASSETCATALOG_COMPILER_GLOBAL_ACCENT_COLOR_NAME = AccentColor;
				CODE_SIGN_STYLE = Automatic;
				CURRENT_PROJECT_VERSION = 1;
				DEVELOPMENT_ASSET_PATHS = "\"UsersListerAndTimeConverter/Preview Content\"";
				DEVELOPMENT_TEAM = NCT5DLQUJC;
				ENABLE_PREVIEWS = YES;
				GENERATE_INFOPLIST_FILE = YES;
				INFOPLIST_KEY_UIApplicationSceneManifest_Generation = YES;
				INFOPLIST_KEY_UIApplicationSupportsIndirectInputEvents = YES;
				INFOPLIST_KEY_UILaunchScreen_Generation = YES;
				INFOPLIST_KEY_UISupportedInterfaceOrientations_iPad = "UIInterfaceOrientationPortrait UIInterfaceOrientationPortraitUpsideDown UIInterfaceOrientationLandscapeLeft UIInterfaceOrientationLandscapeRight";
				INFOPLIST_KEY_UISupportedInterfaceOrientations_iPhone = "UIInterfaceOrientationPortrait UIInterfaceOrientationLandscapeLeft UIInterfaceOrientationLandscapeRight";
				LD_RUNPATH_SEARCH_PATHS = (
					"$(inherited)",
					"@executable_path/Frameworks",
				);
				MARKETING_VERSION = 1.0;
				PRODUCT_BUNDLE_IDENTIFIER = me.alobaili.UsersListerAndTimeConverter;
				PRODUCT_NAME = "$(TARGET_NAME)";
				SWIFT_EMIT_LOC_STRINGS = YES;
				SWIFT_VERSION = 5.0;
				TARGETED_DEVICE_FAMILY = "1,2";
			};
			name = Release;
		};
		4B6E6D7E273C4E9F00629AB8 /* Debug */ = {
			isa = XCBuildConfiguration;
			buildSettings = {
				ALWAYS_EMBED_SWIFT_STANDARD_LIBRARIES = YES;
				BUNDLE_LOADER = "$(TEST_HOST)";
				CODE_SIGN_STYLE = Automatic;
				CURRENT_PROJECT_VERSION = 1;
				DEVELOPMENT_TEAM = NCT5DLQUJC;
				GENERATE_INFOPLIST_FILE = YES;
				IPHONEOS_DEPLOYMENT_TARGET = 15.0;
				LD_RUNPATH_SEARCH_PATHS = (
					"$(inherited)",
					"@executable_path/Frameworks",
					"@loader_path/Frameworks",
				);
				MARKETING_VERSION = 1.0;
				PRODUCT_BUNDLE_IDENTIFIER = me.alobaili.UsersListerAndTimeConverterTests;
				PRODUCT_NAME = "$(TARGET_NAME)";
				SWIFT_EMIT_LOC_STRINGS = NO;
				SWIFT_VERSION = 5.0;
				TARGETED_DEVICE_FAMILY = "1,2";
				TEST_HOST = "$(BUILT_PRODUCTS_DIR)/UsersListerAndTimeConverter.app/UsersListerAndTimeConverter";
			};
			name = Debug;
		};
		4B6E6D7F273C4E9F00629AB8 /* Release */ = {
			isa = XCBuildConfiguration;
			buildSettings = {
				ALWAYS_EMBED_SWIFT_STANDARD_LIBRARIES = YES;
				BUNDLE_LOADER = "$(TEST_HOST)";
				CODE_SIGN_STYLE = Automatic;
				CURRENT_PROJECT_VERSION = 1;
				DEVELOPMENT_TEAM = NCT5DLQUJC;
				GENERATE_INFOPLIST_FILE = YES;
				IPHONEOS_DEPLOYMENT_TARGET = 15.0;
				LD_RUNPATH_SEARCH_PATHS = (
					"$(inherited)",
					"@executable_path/Frameworks",
					"@loader_path/Frameworks",
				);
				MARKETING_VERSION = 1.0;
				PRODUCT_BUNDLE_IDENTIFIER = me.alobaili.UsersListerAndTimeConverterTests;
				PRODUCT_NAME = "$(TARGET_NAME)";
				SWIFT_EMIT_LOC_STRINGS = NO;
				SWIFT_VERSION = 5.0;
				TARGETED_DEVICE_FAMILY = "1,2";
				TEST_HOST = "$(BUILT_PRODUCTS_DIR)/UsersListerAndTimeConverter.app/UsersListerAndTimeConverter";
			};
			name = Release;
		};
/* End XCBuildConfiguration section */

/* Begin XCConfigurationList section */
		4B6E6D51273C4E9900629AB8 /* Build configuration list for PBXProject "UsersListerAndTimeConverter" */ = {
			isa = XCConfigurationList;
			buildConfigurations = (
				4B6E6D78273C4E9F00629AB8 /* Debug */,
				4B6E6D79273C4E9F00629AB8 /* Release */,
			);
			defaultConfigurationIsVisible = 0;
			defaultConfigurationName = Release;
		};
		4B6E6D7A273C4E9F00629AB8 /* Build configuration list for PBXNativeTarget "UsersListerAndTimeConverter" */ = {
			isa = XCConfigurationList;
			buildConfigurations = (
				4B6E6D7B273C4E9F00629AB8 /* Debug */,
				4B6E6D7C273C4E9F00629AB8 /* Release */,
			);
			defaultConfigurationIsVisible = 0;
			defaultConfigurationName = Release;
		};
		4B6E6D7D273C4E9F00629AB8 /* Build configuration list for PBXNativeTarget "UsersListerAndTimeConverterTests" */ = {
			isa = XCConfigurationList;
			buildConfigurations = (
				4B6E6D7E273C4E9F00629AB8 /* Debug */,
				4B6E6D7F273C4E9F00629AB8 /* Release */,
			);
			defaultConfigurationIsVisible = 0;
			defaultConfigurationName = Release;
		};
/* End XCConfigurationList section */

/* Begin XCRemoteSwiftPackageReference section */
		4B625D04273EE36B00C3F2A1 /* XCRemoteSwiftPackageReference "swift-algorithms" */ = {
			isa = XCRemoteSwiftPackageReference;
			repositoryURL = "https://github.com/apple/swift-algorithms.git";
			requirement = {
				kind = upToNextMajorVersion;
				minimumVersion = 1.0.0;
			};
		};
		4B6E6D83273C544100629AB8 /* XCRemoteSwiftPackageReference "NetworkManager" */ = {
			isa = XCRemoteSwiftPackageReference;
			repositoryURL = "https://github.com/alobaili/NetworkManager.git";
			requirement = {
				kind = upToNextMajorVersion;
				minimumVersion = 0.0.2;
			};
		};
/* End XCRemoteSwiftPackageReference section */

/* Begin XCSwiftPackageProductDependency section */
		4B625D05273EE36B00C3F2A1 /* Algorithms */ = {
			isa = XCSwiftPackageProductDependency;
			package = 4B625D04273EE36B00C3F2A1 /* XCRemoteSwiftPackageReference "swift-algorithms" */;
			productName = Algorithms;
		};
		4B6E6D84273C544100629AB8 /* NetworkManager */ = {
			isa = XCSwiftPackageProductDependency;
			package = 4B6E6D83273C544100629AB8 /* XCRemoteSwiftPackageReference "NetworkManager" */;
			productName = NetworkManager;
		};
/* End XCSwiftPackageProductDependency section */
	};
	rootObject = 4B6E6D4E273C4E9900629AB8 /* Project object */;
}
